
Microsoft Visual Studio Solution File, Format Version 12.00
# Visual Studio 15
VisualStudioVersion = 15.0.27428.2037
MinimumVisualStudioVersion = 10.0.40219.1
Project("{888888A0-9F3D-457C-B088-3A5042F75D52}") = "Line", "Line\Line.pyproj", "{9922C876-23CB-4AB4-B4B8-7A4C609BF703}"
EndProject
Global
	GlobalSection(SolutionConfigurationPlatforms) = preSolution
		Debug|Any CPU = Debug|Any CPU
		Release|Any CPU = Release|Any CPU
	EndGlobalSection
	GlobalSection(ProjectConfigurationPlatforms) = postSolution
		{9922C876-23CB-4AB4-B4B8-7A4C609BF703}.Debug|Any CPU.ActiveCfg = Debug|Any CPU
		{9922C876-23CB-4AB4-B4B8-7A4C609BF703}.Release|Any CPU.ActiveCfg = Release|Any CPU
	EndGlobalSection
	GlobalSection(SolutionProperties) = preSolution
		HideSolutionNode = FALSE
	EndGlobalSection
	GlobalSection(ExtensibilityGlobals) = postSolution
		SolutionGuid = {23C6EDB6-339D-4531-93C3-87C005E87EF2}
	EndGlobalSection
EndGlobal
